
Microsoft Visual Studio Solution File, Format Version 12.00
# Visual Studio Version 16
VisualStudioVersion = 16.0.29920.165
MinimumVisualStudioVersion = 10.0.40219.1
Project("{FAE04EC0-301F-11D3-BF4B-00C04F79EFBC}") = "Cw5", "Cw5\Cw5.csproj", "{A336A0C5-A651-45C7-923D-1B005957558F}"
EndProject
Global
	GlobalSection(SolutionConfigurationPlatforms) = preSolution
		Debug|Any CPU = Debug|Any CPU
		Release|Any CPU = Release|Any CPU
	EndGlobalSection
	GlobalSection(ProjectConfigurationPlatforms) = postSolution
		{A336A0C5-A651-45C7-923D-1B005957558F}.Debug|Any CPU.ActiveCfg = Debug|Any CPU
		{A336A0C5-A651-45C7-923D-1B005957558F}.Debug|Any CPU.Build.0 = Debug|Any CPU
		{A336A0C5-A651-45C7-923D-1B005957558F}.Release|Any CPU.ActiveCfg = Release|Any CPU
		{A336A0C5-A651-45C7-923D-1B005957558F}.Release|Any CPU.Build.0 = Release|Any CPU
	EndGlobalSection
	GlobalSection(SolutionProperties) = preSolution
		HideSolutionNode = FALSE
	EndGlobalSection
	GlobalSection(ExtensibilityGlobals) = postSolution
		SolutionGuid = {2FA98193-CACC-4A88-8975-B3AC5F437AB3}
	EndGlobalSection
EndGlobal
